
Microsoft Visual Studio Solution File, Format Version 12.00
# Visual Studio Version 16
VisualStudioVersion = 16.0.31112.23
MinimumVisualStudioVersion = 10.0.40219.1
Project("{2150E333-8FDC-42A3-9474-1A3956D46DE8}") = "1 - Web", "1 - Web", "{8826B552-156A-45EF-A650-284A3E624E29}"
EndProject
Project("{9A19103F-16F7-4668-BE54-9A1E7A4F7556}") = "TCC.Web", "TCC.Web\TCC.Web.csproj", "{6490B5F1-61C8-44FC-B6CB-A436327B56A4}"
EndProject
Project("{2150E333-8FDC-42A3-9474-1A3956D46DE8}") = "2 - Negocio", "2 - Negocio", "{B5995F91-5601-4015-B631-B068F4583EE4}"
EndProject
Project("{9A19103F-16F7-4668-BE54-9A1E7A4F7556}") = "TCC.Negocio", "TCC.Negocio\TCC.Negocio.csproj", "{0F9ADA54-DA52-4120-9339-AB252C4DCF96}"
EndProject
Project("{2150E333-8FDC-42A3-9474-1A3956D46DE8}") = "3 - Infra", "3 - Infra", "{F13A1A92-943B-4255-B7CA-83C68FB54978}"
EndProject
Project("{9A19103F-16F7-4668-BE54-9A1E7A4F7556}") = "TCC.Infra", "TCC.Infra\TCC.Infra.csproj", "{757F0940-0A1A-4CF2-A8F6-13BBAE809EE8}"
EndProject
Project("{9A19103F-16F7-4668-BE54-9A1E7A4F7556}") = "TCC.Infra.IoC", "TCC.Infra.IoC\TCC.Infra.IoC.csproj", "{66B6543C-B9F3-4DFC-B51A-D8FB8E6323C6}"
EndProject
Project("{FAE04EC0-301F-11D3-BF4B-00C04F79EFBC}") = "TCC.Infra.Data", "TCC.Infra.Data\TCC.Infra.Data.csproj", "{66AEA4D7-4D82-4879-981C-EF80BE1D2EB9}"
EndProject
Global
	GlobalSection(SolutionConfigurationPlatforms) = preSolution
		Debug|Any CPU = Debug|Any CPU
		Release|Any CPU = Release|Any CPU
	EndGlobalSection
	GlobalSection(ProjectConfigurationPlatforms) = postSolution
		{6490B5F1-61C8-44FC-B6CB-A436327B56A4}.Debug|Any CPU.ActiveCfg = Debug|Any CPU
		{6490B5F1-61C8-44FC-B6CB-A436327B56A4}.Debug|Any CPU.Build.0 = Debug|Any CPU
		{6490B5F1-61C8-44FC-B6CB-A436327B56A4}.Release|Any CPU.ActiveCfg = Release|Any CPU
		{6490B5F1-61C8-44FC-B6CB-A436327B56A4}.Release|Any CPU.Build.0 = Release|Any CPU
		{0F9ADA54-DA52-4120-9339-AB252C4DCF96}.Debug|Any CPU.ActiveCfg = Debug|Any CPU
		{0F9ADA54-DA52-4120-9339-AB252C4DCF96}.Debug|Any CPU.Build.0 = Debug|Any CPU
		{0F9ADA54-DA52-4120-9339-AB252C4DCF96}.Release|Any CPU.ActiveCfg = Release|Any CPU
		{0F9ADA54-DA52-4120-9339-AB252C4DCF96}.Release|Any CPU.Build.0 = Release|Any CPU
		{757F0940-0A1A-4CF2-A8F6-13BBAE809EE8}.Debug|Any CPU.ActiveCfg = Debug|Any CPU
		{757F0940-0A1A-4CF2-A8F6-13BBAE809EE8}.Debug|Any CPU.Build.0 = Debug|Any CPU
		{757F0940-0A1A-4CF2-A8F6-13BBAE809EE8}.Release|Any CPU.ActiveCfg = Release|Any CPU
		{757F0940-0A1A-4CF2-A8F6-13BBAE809EE8}.Release|Any CPU.Build.0 = Release|Any CPU
		{66B6543C-B9F3-4DFC-B51A-D8FB8E6323C6}.Debug|Any CPU.ActiveCfg = Debug|Any CPU
		{66B6543C-B9F3-4DFC-B51A-D8FB8E6323C6}.Debug|Any CPU.Build.0 = Debug|Any CPU
		{66B6543C-B9F3-4DFC-B51A-D8FB8E6323C6}.Release|Any CPU.ActiveCfg = Release|Any CPU
		{66B6543C-B9F3-4DFC-B51A-D8FB8E6323C6}.Release|Any CPU.Build.0 = Release|Any CPU
		{66AEA4D7-4D82-4879-981C-EF80BE1D2EB9}.Debug|Any CPU.ActiveCfg = Debug|Any CPU
		{66AEA4D7-4D82-4879-981C-EF80BE1D2EB9}.Debug|Any CPU.Build.0 = Debug|Any CPU
		{66AEA4D7-4D82-4879-981C-EF80BE1D2EB9}.Release|Any CPU.ActiveCfg = Release|Any CPU
		{66AEA4D7-4D82-4879-981C-EF80BE1D2EB9}.Release|Any CPU.Build.0 = Release|Any CPU
	EndGlobalSection
	GlobalSection(SolutionProperties) = preSolution
		HideSolutionNode = FALSE
	EndGlobalSection
	GlobalSection(NestedProjects) = preSolution
		{6490B5F1-61C8-44FC-B6CB-A436327B56A4} = {8826B552-156A-45EF-A650-284A3E624E29}
		{0F9ADA54-DA52-4120-9339-AB252C4DCF96} = {B5995F91-5601-4015-B631-B068F4583EE4}
		{757F0940-0A1A-4CF2-A8F6-13BBAE809EE8} = {F13A1A92-943B-4255-B7CA-83C68FB54978}
		{66B6543C-B9F3-4DFC-B51A-D8FB8E6323C6} = {F13A1A92-943B-4255-B7CA-83C68FB54978}
		{66AEA4D7-4D82-4879-981C-EF80BE1D2EB9} = {F13A1A92-943B-4255-B7CA-83C68FB54978}
	EndGlobalSection
	GlobalSection(ExtensibilityGlobals) = postSolution
		SolutionGuid = {63E5FDFB-ADE2-48D3-8651-C2EBD8D8A22E}
	EndGlobalSection
EndGlobal
